{
  "name": "@cmd/apis",
  "version": "0.0.0",
  "lockfileVersion": 2,
  "requires": true,
  "packages": {
    "": {
      "name": "@cmd/apis",
      "version": "0.0.0",
      "dependencies": {
        "cross-fetch": "^3.1.5",
        "linkedom": "^0.13.0"
      },
      "devDependencies": {
        "@vercel/node": "^1.12.1",
        "typescript": "^4.5.5"
      }
    },
    "../node_modules/.pnpm/@vercel+node@1.12.1/node_modules/@vercel/node": {
      "version": "1.12.1",
      "dev": true,
      "license": "MIT",
      "dependencies": {
        "@types/node": "*",
        "ts-node": "8.9.1",
        "typescript": "4.3.4"
      },
      "devDependencies": {
        "@babel/core": "7.5.0",
        "@babel/plugin-transform-modules-commonjs": "7.5.0",
        "@tootallnate/once": "1.1.2",
        "@types/aws-lambda": "8.10.19",
        "@types/content-type": "1.1.3",
        "@types/cookie": "0.3.3",
        "@types/etag": "1.8.0",
        "@types/test-listen": "1.1.0",
        "@vercel/ncc": "0.24.0",
        "@vercel/nft": "0.13.1",
        "@vercel/node-bridge": "2.1.0",
        "content-type": "1.0.4",
        "cookie": "0.4.0",
        "etag": "1.8.1",
        "mkdirp-promise": "5.0.1",
        "node-fetch": "2.6.1",
        "source-map-support": "0.5.12",
        "test-listen": "1.1.0"
      }
    },
    "../node_modules/.pnpm/linkedom@0.13.0/node_modules/linkedom": {
      "version": "0.13.0",
      "license": "ISC",
      "dependencies": {
        "css-select": "^4.1.3",
        "cssom": "^0.5.0",
        "html-escaper": "^3.0.3",
        "htmlparser2": "^7.1.2",
        "uhyphen": "^0.1.0"
      },
      "devDependencies": {
        "@rollup/plugin-commonjs": "^21.0.1",
        "@rollup/plugin-json": "^4.1.0",
        "@rollup/plugin-node-resolve": "^13.0.6",
        "ascjs": "^5.0.1",
        "c8": "^7.10.0",
        "eslint": "^8.1.0",
        "rollup": "^2.58.0",
        "typescript": "^4.4.4"
      }
    },
    "../node_modules/.pnpm/typescript@4.5.5/node_modules/typescript": {
      "version": "4.5.5",
      "dev": true,
      "license": "Apache-2.0",
      "bin": {
        "tsc": "bin/tsc",
        "tsserver": "bin/tsserver"
      },
      "devDependencies": {
        "@octokit/rest": "latest",
        "@types/browserify": "latest",
        "@types/chai": "latest",
        "@types/convert-source-map": "latest",
        "@types/glob": "latest",
        "@types/gulp": "^4.0.9",
        "@types/gulp-concat": "latest",
        "@types/gulp-newer": "latest",
        "@types/gulp-rename": "0.0.33",
        "@types/gulp-sourcemaps": "0.0.32",
        "@types/jake": "latest",
        "@types/merge2": "latest",
        "@types/microsoft__typescript-etw": "latest",
        "@types/minimatch": "latest",
        "@types/minimist": "latest",
        "@types/mkdirp": "latest",
        "@types/mocha": "latest",
        "@types/ms": "latest",
        "@types/node": "latest",
        "@types/node-fetch": "^2.3.4",
        "@types/q": "latest",
        "@types/source-map-support": "latest",
        "@types/through2": "latest",
        "@types/xml2js": "^0.4.0",
        "@typescript-eslint/eslint-plugin": "^4.28.0",
        "@typescript-eslint/experimental-utils": "^4.28.0",
        "@typescript-eslint/parser": "^4.28.0",
        "async": "latest",
        "azure-devops-node-api": "^11.0.1",
        "browser-resolve": "^1.11.2",
        "browserify": "latest",
        "chai": "latest",
        "chalk": "^4.1.2",
        "convert-source-map": "latest",
        "del": "5.1.0",
        "diff": "^4.0.2",
        "eslint": "7.12.1",
        "eslint-formatter-autolinkable-stylish": "1.1.4",
        "eslint-plugin-import": "2.22.1",
        "eslint-plugin-jsdoc": "30.7.6",
        "eslint-plugin-no-null": "1.0.2",
        "fancy-log": "latest",
        "fs-extra": "^9.0.0",
        "glob": "latest",
        "gulp": "^4.0.0",
        "gulp-concat": "latest",
        "gulp-insert": "latest",
        "gulp-newer": "latest",
        "gulp-rename": "latest",
        "gulp-sourcemaps": "latest",
        "merge2": "latest",
        "minimist": "latest",
        "mkdirp": "latest",
        "mocha": "latest",
        "mocha-fivemat-progress-reporter": "latest",
        "ms": "^2.1.3",
        "node-fetch": "^2.6.1",
        "plugin-error": "latest",
        "pretty-hrtime": "^1.0.3",
        "prex": "^0.4.3",
        "q": "latest",
        "source-map-support": "latest",
        "through2": "latest",
        "typescript": "^4.2.3",
        "vinyl": "latest",
        "vinyl-sourcemaps-apply": "latest",
        "xml2js": "^0.4.19"
      },
      "engines": {
        "node": ">=4.2.0"
      }
    },
    "node_modules/@vercel/node": {
      "resolved": "../node_modules/.pnpm/@vercel+node@1.12.1/node_modules/@vercel/node",
      "link": true
    },
    "node_modules/cross-fetch": {
      "version": "3.1.5",
      "resolved": "https://registry.npmjs.org/cross-fetch/-/cross-fetch-3.1.5.tgz",
      "integrity": "sha512-lvb1SBsI0Z7GDwmuid+mU3kWVBwTVUbe7S0H52yaaAdQOXq2YktTCZdlAcNKFzE6QtRz0snpw9bNiPeOIkkQvw==",
      "dependencies": {
        "node-fetch": "2.6.7"
      }
    },
    "node_modules/linkedom": {
      "resolved": "../node_modules/.pnpm/linkedom@0.13.0/node_modules/linkedom",
      "link": true
    },
    "node_modules/node-fetch": {
      "version": "2.6.7",
      "resolved": "https://registry.npmjs.org/node-fetch/-/node-fetch-2.6.7.tgz",
      "integrity": "sha512-ZjMPFEfVx5j+y2yF35Kzx5sF7kDzxuDj6ziH4FFbOp87zKDZNx8yExJIb05OGF4Nlt9IHFIMBkRl41VdvcNdbQ==",
      "dependencies": {
        "whatwg-url": "^5.0.0"
      },
      "engines": {
        "node": "4.x || >=6.0.0"
      },
      "peerDependencies": {
        "encoding": "^0.1.0"
      },
      "peerDependenciesMeta": {
        "encoding": {
          "optional": true
        }
      }
    },
    "node_modules/tr46": {
      "version": "0.0.3",
      "resolved": "https://registry.npmjs.org/tr46/-/tr46-0.0.3.tgz",
      "integrity": "sha1-gYT9NH2snNwYWZLzpmIuFLnZq2o="
    },
    "node_modules/typescript": {
      "resolved": "../node_modules/.pnpm/typescript@4.5.5/node_modules/typescript",
      "link": true
    },
    "node_modules/webidl-conversions": {
      "version": "3.0.1",
      "resolved": "https://registry.npmjs.org/webidl-conversions/-/webidl-conversions-3.0.1.tgz",
      "integrity": "sha1-JFNCdeKnvGvnvIZhHMFq4KVlSHE="
    },
    "node_modules/whatwg-url": {
      "version": "5.0.0",
      "resolved": "https://registry.npmjs.org/whatwg-url/-/whatwg-url-5.0.0.tgz",
      "integrity": "sha1-lmRU6HZUYuN2RNNib2dCzotwll0=",
      "dependencies": {
        "tr46": "~0.0.3",
        "webidl-conversions": "^3.0.0"
      }
    }
  },
  "dependencies": {
    "@vercel/node": {
      "version": "file:../node_modules/.pnpm/@vercel+node@1.12.1/node_modules/@vercel/node",
      "requires": {
        "@babel/core": "7.5.0",
        "@babel/plugin-transform-modules-commonjs": "7.5.0",
        "@tootallnate/once": "1.1.2",
        "@types/aws-lambda": "8.10.19",
        "@types/content-type": "1.1.3",
        "@types/cookie": "0.3.3",
        "@types/etag": "1.8.0",
        "@types/node": "*",
        "@types/test-listen": "1.1.0",
        "@vercel/ncc": "0.24.0",
        "@vercel/nft": "0.13.1",
        "@vercel/node-bridge": "2.1.0",
        "content-type": "1.0.4",
        "cookie": "0.4.0",
        "etag": "1.8.1",
        "mkdirp-promise": "5.0.1",
        "node-fetch": "2.6.1",
        "source-map-support": "0.5.12",
        "test-listen": "1.1.0",
        "ts-node": "8.9.1",
        "typescript": "4.3.4"
      }
    },
    "cross-fetch": {
      "version": "3.1.5",
      "resolved": "https://registry.npmjs.org/cross-fetch/-/cross-fetch-3.1.5.tgz",
      "integrity": "sha512-lvb1SBsI0Z7GDwmuid+mU3kWVBwTVUbe7S0H52yaaAdQOXq2YktTCZdlAcNKFzE6QtRz0snpw9bNiPeOIkkQvw==",
      "requires": {
        "node-fetch": "2.6.7"
      }
    },
    "linkedom": {
      "version": "file:../node_modules/.pnpm/linkedom@0.13.0/node_modules/linkedom",
      "requires": {
        "@rollup/plugin-commonjs": "^21.0.1",
        "@rollup/plugin-json": "^4.1.0",
        "@rollup/plugin-node-resolve": "^13.0.6",
        "ascjs": "^5.0.1",
        "c8": "^7.10.0",
        "css-select": "^4.1.3",
        "cssom": "^0.5.0",
        "eslint": "^8.1.0",
        "html-escaper": "^3.0.3",
        "htmlparser2": "^7.1.2",
        "rollup": "^2.58.0",
        "typescript": "^4.4.4",
        "uhyphen": "^0.1.0"
      }
    },
    "node-fetch": {
      "version": "2.6.7",
      "resolved": "https://registry.npmjs.org/node-fetch/-/node-fetch-2.6.7.tgz",
      "integrity": "sha512-ZjMPFEfVx5j+y2yF35Kzx5sF7kDzxuDj6ziH4FFbOp87zKDZNx8yExJIb05OGF4Nlt9IHFIMBkRl41VdvcNdbQ==",
      "requires": {
        "whatwg-url": "^5.0.0"
      }
    },
    "tr46": {
      "version": "0.0.3",
      "resolved": "https://registry.npmjs.org/tr46/-/tr46-0.0.3.tgz",
      "integrity": "sha1-gYT9NH2snNwYWZLzpmIuFLnZq2o="
    },
    "typescript": {
      "version": "file:../node_modules/.pnpm/typescript@4.5.5/node_modules/typescript",
      "requires": {
        "@octokit/rest": "latest",
        "@types/browserify": "latest",
        "@types/chai": "latest",
        "@types/convert-source-map": "latest",
        "@types/glob": "latest",
        "@types/gulp": "^4.0.9",
        "@types/gulp-concat": "latest",
        "@types/gulp-newer": "latest",
        "@types/gulp-rename": "0.0.33",
        "@types/gulp-sourcemaps": "0.0.32",
        "@types/jake": "latest",
        "@types/merge2": "latest",
        "@types/microsoft__typescript-etw": "latest",
        "@types/minimatch": "latest",
        "@types/minimist": "latest",
        "@types/mkdirp": "latest",
        "@types/mocha": "latest",
        "@types/ms": "latest",
        "@types/node": "latest",
        "@types/node-fetch": "^2.3.4",
        "@types/q": "latest",
        "@types/source-map-support": "latest",
        "@types/through2": "latest",
        "@types/xml2js": "^0.4.0",
        "@typescript-eslint/eslint-plugin": "^4.28.0",
        "@typescript-eslint/experimental-utils": "^4.28.0",
        "@typescript-eslint/parser": "^4.28.0",
        "async": "latest",
        "azure-devops-node-api": "^11.0.1",
        "browser-resolve": "^1.11.2",
        "browserify": "latest",
        "chai": "latest",
        "chalk": "^4.1.2",
        "convert-source-map": "latest",
        "del": "5.1.0",
        "diff": "^4.0.2",
        "eslint": "7.12.1",
        "eslint-formatter-autolinkable-stylish": "1.1.4",
        "eslint-plugin-import": "2.22.1",
        "eslint-plugin-jsdoc": "30.7.6",
        "eslint-plugin-no-null": "1.0.2",
        "fancy-log": "latest",
        "fs-extra": "^9.0.0",
        "glob": "latest",
        "gulp": "^4.0.0",
        "gulp-concat": "latest",
        "gulp-insert": "latest",
        "gulp-newer": "latest",
        "gulp-rename": "latest",
        "gulp-sourcemaps": "latest",
        "merge2": "latest",
        "minimist": "latest",
        "mkdirp": "latest",
        "mocha": "latest",
        "mocha-fivemat-progress-reporter": "latest",
        "ms": "^2.1.3",
        "node-fetch": "^2.6.1",
        "plugin-error": "latest",
        "pretty-hrtime": "^1.0.3",
        "prex": "^0.4.3",
        "q": "latest",
        "source-map-support": "latest",
        "through2": "latest",
        "typescript": "^4.2.3",
        "vinyl": "latest",
        "vinyl-sourcemaps-apply": "latest",
        "xml2js": "^0.4.19"
      }
    },
    "webidl-conversions": {
      "version": "3.0.1",
      "resolved": "https://registry.npmjs.org/webidl-conversions/-/webidl-conversions-3.0.1.tgz",
      "integrity": "sha1-JFNCdeKnvGvnvIZhHMFq4KVlSHE="
    },
    "whatwg-url": {
      "version": "5.0.0",
      "resolved": "https://registry.npmjs.org/whatwg-url/-/whatwg-url-5.0.0.tgz",
      "integrity": "sha1-lmRU6HZUYuN2RNNib2dCzotwll0=",
      "requires": {
        "tr46": "~0.0.3",
        "webidl-conversions": "^3.0.0"
      }
    }
  }
}
